
Microsoft Visual Studio Solution File, Format Version 12.00
# Visual Studio Version 16
VisualStudioVersion = 16.0.30114.105
MinimumVisualStudioVersion = 10.0.40219.1
Project("{2150E333-8FDC-42A3-9474-1A3956D46DE8}") = "src", "src", "{3AA3879D-3B18-48AF-B94E-5537B05C63D8}"
EndProject
Project("{FAE04EC0-301F-11D3-BF4B-00C04F79EFBC}") = "SimpleAPI", "src\SimpleAPI\SimpleAPI.csproj", "{F33EB8AF-325B-4494-9D86-CC9FF10B722A}"
EndProject
Project("{2150E333-8FDC-42A3-9474-1A3956D46DE8}") = "test", "test", "{64EE6BB8-4FD1-4B6D-A4DE-923DF98FA0D4}"
EndProject
Project("{FAE04EC0-301F-11D3-BF4B-00C04F79EFBC}") = "SimpleAPI.Test", "test\SimpleAPI.Test\SimpleAPI.Test.csproj", "{F2F45261-16B3-44FF-B008-C3A958F79403}"
EndProject
Global
	GlobalSection(SolutionConfigurationPlatforms) = preSolution
		Debug|Any CPU = Debug|Any CPU
		Debug|x64 = Debug|x64
		Debug|x86 = Debug|x86
		Release|Any CPU = Release|Any CPU
		Release|x64 = Release|x64
		Release|x86 = Release|x86
	EndGlobalSection
	GlobalSection(SolutionProperties) = preSolution
		HideSolutionNode = FALSE
	EndGlobalSection
	GlobalSection(ProjectConfigurationPlatforms) = postSolution
		{F33EB8AF-325B-4494-9D86-CC9FF10B722A}.Debug|Any CPU.ActiveCfg = Debug|Any CPU
		{F33EB8AF-325B-4494-9D86-CC9FF10B722A}.Debug|Any CPU.Build.0 = Debug|Any CPU
		{F33EB8AF-325B-4494-9D86-CC9FF10B722A}.Debug|x64.ActiveCfg = Debug|Any CPU
		{F33EB8AF-325B-4494-9D86-CC9FF10B722A}.Debug|x64.Build.0 = Debug|Any CPU
		{F33EB8AF-325B-4494-9D86-CC9FF10B722A}.Debug|x86.ActiveCfg = Debug|Any CPU
		{F33EB8AF-325B-4494-9D86-CC9FF10B722A}.Debug|x86.Build.0 = Debug|Any CPU
		{F33EB8AF-325B-4494-9D86-CC9FF10B722A}.Release|Any CPU.ActiveCfg = Release|Any CPU
		{F33EB8AF-325B-4494-9D86-CC9FF10B722A}.Release|Any CPU.Build.0 = Release|Any CPU
		{F33EB8AF-325B-4494-9D86-CC9FF10B722A}.Release|x64.ActiveCfg = Release|Any CPU
		{F33EB8AF-325B-4494-9D86-CC9FF10B722A}.Release|x64.Build.0 = Release|Any CPU
		{F33EB8AF-325B-4494-9D86-CC9FF10B722A}.Release|x86.ActiveCfg = Release|Any CPU
		{F33EB8AF-325B-4494-9D86-CC9FF10B722A}.Release|x86.Build.0 = Release|Any CPU
		{F2F45261-16B3-44FF-B008-C3A958F79403}.Debug|Any CPU.ActiveCfg = Debug|Any CPU
		{F2F45261-16B3-44FF-B008-C3A958F79403}.Debug|Any CPU.Build.0 = Debug|Any CPU
		{F2F45261-16B3-44FF-B008-C3A958F79403}.Debug|x64.ActiveCfg = Debug|Any CPU
		{F2F45261-16B3-44FF-B008-C3A958F79403}.Debug|x64.Build.0 = Debug|Any CPU
		{F2F45261-16B3-44FF-B008-C3A958F79403}.Debug|x86.ActiveCfg = Debug|Any CPU
		{F2F45261-16B3-44FF-B008-C3A958F79403}.Debug|x86.Build.0 = Debug|Any CPU
		{F2F45261-16B3-44FF-B008-C3A958F79403}.Release|Any CPU.ActiveCfg = Release|Any CPU
		{F2F45261-16B3-44FF-B008-C3A958F79403}.Release|Any CPU.Build.0 = Release|Any CPU
		{F2F45261-16B3-44FF-B008-C3A958F79403}.Release|x64.ActiveCfg = Release|Any CPU
		{F2F45261-16B3-44FF-B008-C3A958F79403}.Release|x64.Build.0 = Release|Any CPU
		{F2F45261-16B3-44FF-B008-C3A958F79403}.Release|x86.ActiveCfg = Release|Any CPU
		{F2F45261-16B3-44FF-B008-C3A958F79403}.Release|x86.Build.0 = Release|Any CPU
	EndGlobalSection
	GlobalSection(NestedProjects) = preSolution
		{F33EB8AF-325B-4494-9D86-CC9FF10B722A} = {3AA3879D-3B18-48AF-B94E-5537B05C63D8}
		{F2F45261-16B3-44FF-B008-C3A958F79403} = {64EE6BB8-4FD1-4B6D-A4DE-923DF98FA0D4}
	EndGlobalSection
EndGlobal
